
Microsoft Visual Studio Solution File, Format Version 12.00
# Visual Studio Version 17
VisualStudioVersion = 17.3.32811.315
MinimumVisualStudioVersion = 10.0.40219.1
Project("{FAE04EC0-301F-11D3-BF4B-00C04F79EFBC}") = "Ch05Ex05", "Ch05Ex05\Ch05Ex05.csproj", "{8B5943AA-040F-4D97-87DF-DD09CC224424}"
EndProject
Global
	GlobalSection(SolutionConfigurationPlatforms) = preSolution
		Debug|Any CPU = Debug|Any CPU
		Release|Any CPU = Release|Any CPU
	EndGlobalSection
	GlobalSection(ProjectConfigurationPlatforms) = postSolution
		{8B5943AA-040F-4D97-87DF-DD09CC224424}.Debug|Any CPU.ActiveCfg = Debug|Any CPU
		{8B5943AA-040F-4D97-87DF-DD09CC224424}.Debug|Any CPU.Build.0 = Debug|Any CPU
		{8B5943AA-040F-4D97-87DF-DD09CC224424}.Release|Any CPU.ActiveCfg = Release|Any CPU
		{8B5943AA-040F-4D97-87DF-DD09CC224424}.Release|Any CPU.Build.0 = Release|Any CPU
	EndGlobalSection
	GlobalSection(SolutionProperties) = preSolution
		HideSolutionNode = FALSE
	EndGlobalSection
	GlobalSection(ExtensibilityGlobals) = postSolution
		SolutionGuid = {CB4E41A1-0AD0-4DD9-98E1-AD249866FE5B}
	EndGlobalSection
EndGlobal
