
Microsoft Visual Studio Solution File, Format Version 12.00
# Visual Studio Version 17
VisualStudioVersion = 17.3.32811.315
MinimumVisualStudioVersion = 10.0.40219.1
Project("{FAE04EC0-301F-11D3-BF4B-00C04F79EFBC}") = "HomeWork", "HomeWork\HomeWork.csproj", "{E89BEF51-A1F8-461C-A470-ED6282CE117B}"
EndProject
Global
	GlobalSection(SolutionConfigurationPlatforms) = preSolution
		Debug|Any CPU = Debug|Any CPU
		Release|Any CPU = Release|Any CPU
	EndGlobalSection
	GlobalSection(ProjectConfigurationPlatforms) = postSolution
		{E89BEF51-A1F8-461C-A470-ED6282CE117B}.Debug|Any CPU.ActiveCfg = Debug|Any CPU
		{E89BEF51-A1F8-461C-A470-ED6282CE117B}.Debug|Any CPU.Build.0 = Debug|Any CPU
		{E89BEF51-A1F8-461C-A470-ED6282CE117B}.Release|Any CPU.ActiveCfg = Release|Any CPU
		{E89BEF51-A1F8-461C-A470-ED6282CE117B}.Release|Any CPU.Build.0 = Release|Any CPU
	EndGlobalSection
	GlobalSection(SolutionProperties) = preSolution
		HideSolutionNode = FALSE
	EndGlobalSection
	GlobalSection(ExtensibilityGlobals) = postSolution
		SolutionGuid = {4955983E-B486-4E9E-9334-FA7FC3D4E29E}
	EndGlobalSection
EndGlobal
