
Microsoft Visual Studio Solution File, Format Version 12.00
# Visual Studio Version 17
VisualStudioVersion = 17.3.32811.315
MinimumVisualStudioVersion = 10.0.40219.1
Project("{FAE04EC0-301F-11D3-BF4B-00C04F79EFBC}") = "Ch04Ex02", "Ch04Ex02\Ch04Ex02.csproj", "{DB2C212E-3167-4179-94A1-CE2F88FBC34D}"
EndProject
Global
	GlobalSection(SolutionConfigurationPlatforms) = preSolution
		Debug|Any CPU = Debug|Any CPU
		Release|Any CPU = Release|Any CPU
	EndGlobalSection
	GlobalSection(ProjectConfigurationPlatforms) = postSolution
		{DB2C212E-3167-4179-94A1-CE2F88FBC34D}.Debug|Any CPU.ActiveCfg = Debug|Any CPU
		{DB2C212E-3167-4179-94A1-CE2F88FBC34D}.Debug|Any CPU.Build.0 = Debug|Any CPU
		{DB2C212E-3167-4179-94A1-CE2F88FBC34D}.Release|Any CPU.ActiveCfg = Release|Any CPU
		{DB2C212E-3167-4179-94A1-CE2F88FBC34D}.Release|Any CPU.Build.0 = Release|Any CPU
	EndGlobalSection
	GlobalSection(SolutionProperties) = preSolution
		HideSolutionNode = FALSE
	EndGlobalSection
	GlobalSection(ExtensibilityGlobals) = postSolution
		SolutionGuid = {8963D93B-2A22-4837-AB51-93B96143644C}
	EndGlobalSection
EndGlobal
